
Microsoft Visual Studio Solution File, Format Version 12.00
# Visual Studio Version 17
VisualStudioVersion = 17.4.33205.214
MinimumVisualStudioVersion = 10.0.40219.1
Project("{FAE04EC0-301F-11D3-BF4B-00C04F79EFBC}") = "Test", "Test\Test.csproj", "{5BC09FEC-0F45-46D8-9A63-8F2F9A208FB8}"
EndProject
Global
	GlobalSection(SolutionConfigurationPlatforms) = preSolution
		Debug|Any CPU = Debug|Any CPU
		Release|Any CPU = Release|Any CPU
	EndGlobalSection
	GlobalSection(ProjectConfigurationPlatforms) = postSolution
		{5BC09FEC-0F45-46D8-9A63-8F2F9A208FB8}.Debug|Any CPU.ActiveCfg = Debug|Any CPU
		{5BC09FEC-0F45-46D8-9A63-8F2F9A208FB8}.Debug|Any CPU.Build.0 = Debug|Any CPU
		{5BC09FEC-0F45-46D8-9A63-8F2F9A208FB8}.Release|Any CPU.ActiveCfg = Release|Any CPU
		{5BC09FEC-0F45-46D8-9A63-8F2F9A208FB8}.Release|Any CPU.Build.0 = Release|Any CPU
	EndGlobalSection
	GlobalSection(SolutionProperties) = preSolution
		HideSolutionNode = FALSE
	EndGlobalSection
	GlobalSection(ExtensibilityGlobals) = postSolution
		SolutionGuid = {59600325-1D7E-4C10-AB4E-0E244367424B}
	EndGlobalSection
EndGlobal
